
Microsoft Visual Studio Solution File, Format Version 12.00
# Visual Studio Version 16
VisualStudioVersion = 16.0.30907.101
MinimumVisualStudioVersion = 10.0.40219.1
Project("{FAE04EC0-301F-11D3-BF4B-00C04F79EFBC}") = "WFHttpServer", "WFHttpServer\WFHttpServer.csproj", "{740EBC9D-FE56-40CF-BA23-CC297F52EB85}"
EndProject
Global
	GlobalSection(SolutionConfigurationPlatforms) = preSolution
		Debug|Any CPU = Debug|Any CPU
		Release|Any CPU = Release|Any CPU
	EndGlobalSection
	GlobalSection(ProjectConfigurationPlatforms) = postSolution
		{740EBC9D-FE56-40CF-BA23-CC297F52EB85}.Debug|Any CPU.ActiveCfg = Debug|Any CPU
		{740EBC9D-FE56-40CF-BA23-CC297F52EB85}.Debug|Any CPU.Build.0 = Debug|Any CPU
		{740EBC9D-FE56-40CF-BA23-CC297F52EB85}.Release|Any CPU.ActiveCfg = Release|Any CPU
		{740EBC9D-FE56-40CF-BA23-CC297F52EB85}.Release|Any CPU.Build.0 = Release|Any CPU
	EndGlobalSection
	GlobalSection(SolutionProperties) = preSolution
		HideSolutionNode = FALSE
	EndGlobalSection
	GlobalSection(ExtensibilityGlobals) = postSolution
		SolutionGuid = {87685E35-CC5B-46E1-A809-5E032ECAAB55}
	EndGlobalSection
EndGlobal
